// !$*UTF8*$!
{
	archiveVersion = 1;
	classes = {
	};
	objectVersion = 50;
	objects = {

/* Begin PBXBuildFile section */
		019FF6D5242A00540036F780 /* ConnectionViewController.swift in Sources */ = {isa = PBXBuildFile; fileRef = 019FF6D4242A00540036F780 /* ConnectionViewController.swift */; };
		019FF6D7242A01540036F780 /* ConnectionStoryboard.storyboard in Resources */ = {isa = PBXBuildFile; fileRef = 019FF6D6242A01540036F780 /* ConnectionStoryboard.storyboard */; };
		019FF6DB242A2AC40036F780 /* PeerTableViewCell.swift in Sources */ = {isa = PBXBuildFile; fileRef = 019FF6DA242A2AC30036F780 /* PeerTableViewCell.swift */; };
		01D449E12424D496001B2F51 /* AppDelegate.swift in Sources */ = {isa = PBXBuildFile; fileRef = 01D449E02424D496001B2F51 /* AppDelegate.swift */; };
		01D449E32424D496001B2F51 /* SceneDelegate.swift in Sources */ = {isa = PBXBuildFile; fileRef = 01D449E22424D496001B2F51 /* SceneDelegate.swift */; };
		01D449EA2424D497001B2F51 /* Assets.xcassets in Resources */ = {isa = PBXBuildFile; fileRef = 01D449E92424D497001B2F51 /* Assets.xcassets */; };
		01D449ED2424D497001B2F51 /* LaunchScreen.storyboard in Resources */ = {isa = PBXBuildFile; fileRef = 01D449EB2424D497001B2F51 /* LaunchScreen.storyboard */; };
		6C4B772D242A71C60081E3AE /* Game.storyboard in Resources */ = {isa = PBXBuildFile; fileRef = 6C4B772C242A71C60081E3AE /* Game.storyboard */; };
		6C4B772F242A728B0081E3AE /* GameViewController.swift in Sources */ = {isa = PBXBuildFile; fileRef = 6C4B772E242A728B0081E3AE /* GameViewController.swift */; };
		6C4B7732242A89AA0081E3AE /* Peer2PeerManager.swift in Sources */ = {isa = PBXBuildFile; fileRef = 6C4B7731242A89AA0081E3AE /* Peer2PeerManager.swift */; };
		6CFCCC3E242BC02F00553DDF /* Game.swift in Sources */ = {isa = PBXBuildFile; fileRef = 6CFCCC3D242BC02F00553DDF /* Game.swift */; };
/* End PBXBuildFile section */

/* Begin PBXFileReference section */
		019FF6D4242A00540036F780 /* ConnectionViewController.swift */ = {isa = PBXFileReference; lastKnownFileType = sourcecode.swift; path = ConnectionViewController.swift; sourceTree = "<group>"; };
		019FF6D6242A01540036F780 /* ConnectionStoryboard.storyboard */ = {isa = PBXFileReference; lastKnownFileType = file.storyboard; path = ConnectionStoryboard.storyboard; sourceTree = "<group>"; };
		019FF6DA242A2AC30036F780 /* PeerTableViewCell.swift */ = {isa = PBXFileReference; lastKnownFileType = sourcecode.swift; path = PeerTableViewCell.swift; sourceTree = "<group>"; };
		01D449DD2424D496001B2F51 /* Peer2Peer Tris.app */ = {isa = PBXFileReference; explicitFileType = wrapper.application; includeInIndex = 0; path = "Peer2Peer Tris.app"; sourceTree = BUILT_PRODUCTS_DIR; };
		01D449E02424D496001B2F51 /* AppDelegate.swift */ = {isa = PBXFileReference; lastKnownFileType = sourcecode.swift; path = AppDelegate.swift; sourceTree = "<group>"; };
		01D449E22424D496001B2F51 /* SceneDelegate.swift */ = {isa = PBXFileReference; lastKnownFileType = sourcecode.swift; path = SceneDelegate.swift; sourceTree = "<group>"; };
		01D449E92424D497001B2F51 /* Assets.xcassets */ = {isa = PBXFileReference; lastKnownFileType = folder.assetcatalog; path = Assets.xcassets; sourceTree = "<group>"; };
		01D449EC2424D497001B2F51 /* Base */ = {isa = PBXFileReference; lastKnownFileType = file.storyboard; name = Base; path = Base.lproj/LaunchScreen.storyboard; sourceTree = "<group>"; };
		01D449EE2424D497001B2F51 /* Info.plist */ = {isa = PBXFileReference; lastKnownFileType = text.plist.xml; path = Info.plist; sourceTree = "<group>"; };
		6C4B772C242A71C60081E3AE /* Game.storyboard */ = {isa = PBXFileReference; lastKnownFileType = file.storyboard; path = Game.storyboard; sourceTree = "<group>"; };
		6C4B772E242A728B0081E3AE /* GameViewController.swift */ = {isa = PBXFileReference; lastKnownFileType = sourcecode.swift; path = GameViewController.swift; sourceTree = "<group>"; };
		6C4B7731242A89AA0081E3AE /* Peer2PeerManager.swift */ = {isa = PBXFileReference; lastKnownFileType = sourcecode.swift; path = Peer2PeerManager.swift; sourceTree = "<group>"; };
		6CFCCC3D242BC02F00553DDF /* Game.swift */ = {isa = PBXFileReference; fileEncoding = 4; lastKnownFileType = sourcecode.swift; path = Game.swift; sourceTree = "<group>"; };
/* End PBXFileReference section */

/* Begin PBXFrameworksBuildPhase section */
		01D449DA2424D496001B2F51 /* Frameworks */ = {
			isa = PBXFrameworksBuildPhase;
			buildActionMask = 2147483647;
			files = (
			);
			runOnlyForDeploymentPostprocessing = 0;
		};
/* End PBXFrameworksBuildPhase section */

/* Begin PBXGroup section */
		019FF6D3242A00130036F780 /* View Controllers */ = {
			isa = PBXGroup;
			children = (
				019FF6D4242A00540036F780 /* ConnectionViewController.swift */,
			);
			path = "View Controllers";
			sourceTree = "<group>";
		};
		019FF6D8242A015F0036F780 /* Storyboards */ = {
			isa = PBXGroup;
			children = (
				019FF6D6242A01540036F780 /* ConnectionStoryboard.storyboard */,
				6C4B772C242A71C60081E3AE /* Game.storyboard */,
			);
			path = Storyboards;
			sourceTree = "<group>";
		};
		019FF6D9242A2AA20036F780 /* Views */ = {
			isa = PBXGroup;
			children = (
				019FF6DA242A2AC30036F780 /* PeerTableViewCell.swift */,
				6C4B772E242A728B0081E3AE /* GameViewController.swift */,
			);
			path = Views;
			sourceTree = "<group>";
		};
		01D449D42424D496001B2F51 = {
			isa = PBXGroup;
			children = (
				01D449DF2424D496001B2F51 /* Peer2Peer Tris */,
				01D449DE2424D496001B2F51 /* Products */,
			);
			sourceTree = "<group>";
		};
		01D449DE2424D496001B2F51 /* Products */ = {
			isa = PBXGroup;
			children = (
				01D449DD2424D496001B2F51 /* Peer2Peer Tris.app */,
			);
			name = Products;
			sourceTree = "<group>";
		};
		01D449DF2424D496001B2F51 /* Peer2Peer Tris */ = {
			isa = PBXGroup;
			children = (
				6C4B7730242A89860081E3AE /* Models */,
				019FF6D9242A2AA20036F780 /* Views */,
				019FF6D3242A00130036F780 /* View Controllers */,
				019FF6D8242A015F0036F780 /* Storyboards */,
				01D449E02424D496001B2F51 /* AppDelegate.swift */,
				01D449E22424D496001B2F51 /* SceneDelegate.swift */,
				01D449E92424D497001B2F51 /* Assets.xcassets */,
				01D449EB2424D497001B2F51 /* LaunchScreen.storyboard */,
				01D449EE2424D497001B2F51 /* Info.plist */,
			);
			path = "Peer2Peer Tris";
			sourceTree = "<group>";
		};
		6C4B7730242A89860081E3AE /* Models */ = {
			isa = PBXGroup;
			children = (
				6C4B7731242A89AA0081E3AE /* Peer2PeerManager.swift */,
				6CFCCC3D242BC02F00553DDF /* Game.swift */,
			);
			path = Models;
			sourceTree = "<group>";
		};
/* End PBXGroup section */

/* Begin PBXNativeTarget section */
		01D449DC2424D496001B2F51 /* Peer2Peer Tris */ = {
			isa = PBXNativeTarget;
			buildConfigurationList = 01D449F12424D497001B2F51 /* Build configuration list for PBXNativeTarget "Peer2Peer Tris" */;
			buildPhases = (
				01D449D92424D496001B2F51 /* Sources */,
				01D449DA2424D496001B2F51 /* Frameworks */,
				01D449DB2424D496001B2F51 /* Resources */,
			);
			buildRules = (
			);
			dependencies = (
			);
			name = "Peer2Peer Tris";
			productName = "Peer2Peer Tris";
			productReference = 01D449DD2424D496001B2F51 /* Peer2Peer Tris.app */;
			productType = "com.apple.product-type.application";
		};
/* End PBXNativeTarget section */

/* Begin PBXProject section */
		01D449D52424D496001B2F51 /* Project object */ = {
			isa = PBXProject;
			attributes = {
				LastSwiftUpdateCheck = 1130;
				LastUpgradeCheck = 1130;
				ORGANIZATIONNAME = "Mario Armini";
				TargetAttributes = {
					01D449DC2424D496001B2F51 = {
						CreatedOnToolsVersion = 11.3.1;
					};
				};
			};
			buildConfigurationList = 01D449D82424D496001B2F51 /* Build configuration list for PBXProject "Peer2Peer Tris" */;
			compatibilityVersion = "Xcode 9.3";
			developmentRegion = en;
			hasScannedForEncodings = 0;
			knownRegions = (
				en,
				Base,
			);
			mainGroup = 01D449D42424D496001B2F51;
			productRefGroup = 01D449DE2424D496001B2F51 /* Products */;
			projectDirPath = "";
			projectRoot = "";
			targets = (
				01D449DC2424D496001B2F51 /* Peer2Peer Tris */,
			);
		};
/* End PBXProject section */

/* Begin PBXResourcesBuildPhase section */
		01D449DB2424D496001B2F51 /* Resources */ = {
			isa = PBXResourcesBuildPhase;
			buildActionMask = 2147483647;
			files = (
				6C4B772D242A71C60081E3AE /* Game.storyboard in Resources */,
				01D449ED2424D497001B2F51 /* LaunchScreen.storyboard in Resources */,
				01D449EA2424D497001B2F51 /* Assets.xcassets in Resources */,
				019FF6D7242A01540036F780 /* ConnectionStoryboard.storyboard in Resources */,
			);
			runOnlyForDeploymentPostprocessing = 0;
		};
/* End PBXResourcesBuildPhase section */

/* Begin PBXSourcesBuildPhase section */
		01D449D92424D496001B2F51 /* Sources */ = {
			isa = PBXSourcesBuildPhase;
			buildActionMask = 2147483647;
			files = (
				6C4B772F242A728B0081E3AE /* GameViewController.swift in Sources */,
				019FF6D5242A00540036F780 /* ConnectionViewController.swift in Sources */,
				6CFCCC3E242BC02F00553DDF /* Game.swift in Sources */,
				019FF6DB242A2AC40036F780 /* PeerTableViewCell.swift in Sources */,
				01D449E12424D496001B2F51 /* AppDelegate.swift in Sources */,
				6C4B7732242A89AA0081E3AE /* Peer2PeerManager.swift in Sources */,
				01D449E32424D496001B2F51 /* SceneDelegate.swift in Sources */,
			);
			runOnlyForDeploymentPostprocessing = 0;
		};
/* End PBXSourcesBuildPhase section */

/* Begin PBXVariantGroup section */
		01D449EB2424D497001B2F51 /* LaunchScreen.storyboard */ = {
			isa = PBXVariantGroup;
			children = (
				01D449EC2424D497001B2F51 /* Base */,
			);
			name = LaunchScreen.storyboard;
			sourceTree = "<group>";
		};
/* End PBXVariantGroup section */

/* Begin XCBuildConfiguration section */
		01D449EF2424D497001B2F51 /* Debug */ = {
			isa = XCBuildConfiguration;
			buildSettings = {
				ALWAYS_SEARCH_USER_PATHS = NO;
				CLANG_ANALYZER_NONNULL = YES;
				CLANG_ANALYZER_NUMBER_OBJECT_CONVERSION = YES_AGGRESSIVE;
				CLANG_CXX_LANGUAGE_STANDARD = "gnu++14";
				CLANG_CXX_LIBRARY = "libc++";
				CLANG_ENABLE_MODULES = YES;
				CLANG_ENABLE_OBJC_ARC = YES;
				CLANG_ENABLE_OBJC_WEAK = YES;
				CLANG_WARN_BLOCK_CAPTURE_AUTORELEASING = YES;
				CLANG_WARN_BOOL_CONVERSION = YES;
				CLANG_WARN_COMMA = YES;
				CLANG_WARN_CONSTANT_CONVERSION = YES;
				CLANG_WARN_DEPRECATED_OBJC_IMPLEMENTATIONS = YES;
				CLANG_WARN_DIRECT_OBJC_ISA_USAGE = YES_ERROR;
				CLANG_WARN_DOCUMENTATION_COMMENTS = YES;
				CLANG_WARN_EMPTY_BODY = YES;
				CLANG_WARN_ENUM_CONVERSION = YES;
				CLANG_WARN_INFINITE_RECURSION = YES;
				CLANG_WARN_INT_CONVERSION = YES;
				CLANG_WARN_NON_LITERAL_NULL_CONVERSION = YES;
				CLANG_WARN_OBJC_IMPLICIT_RETAIN_SELF = YES;
				CLANG_WARN_OBJC_LITERAL_CONVERSION = YES;
				CLANG_WARN_OBJC_ROOT_CLASS = YES_ERROR;
				CLANG_WARN_RANGE_LOOP_ANALYSIS = YES;
				CLANG_WARN_STRICT_PROTOTYPES = YES;
				CLANG_WARN_SUSPICIOUS_MOVE = YES;
				CLANG_WARN_UNGUARDED_AVAILABILITY = YES_AGGRESSIVE;
				CLANG_WARN_UNREACHABLE_CODE = YES;
				CLANG_WARN__DUPLICATE_METHOD_MATCH = YES;
				COPY_PHASE_STRIP = NO;
				DEBUG_INFORMATION_FORMAT = dwarf;
				ENABLE_STRICT_OBJC_MSGSEND = YES;
				ENABLE_TESTABILITY = YES;
				GCC_C_LANGUAGE_STANDARD = gnu11;
				GCC_DYNAMIC_NO_PIC = NO;
				GCC_NO_COMMON_BLOCKS = YES;
				GCC_OPTIMIZATION_LEVEL = 0;
				GCC_PREPROCESSOR_DEFINITIONS = (
					"DEBUG=1",
					"$(inherited)",
				);
				GCC_WARN_64_TO_32_BIT_CONVERSION = YES;
				GCC_WARN_ABOUT_RETURN_TYPE = YES_ERROR;
				GCC_WARN_UNDECLARED_SELECTOR = YES;
				GCC_WARN_UNINITIALIZED_AUTOS = YES_AGGRESSIVE;
				GCC_WARN_UNUSED_FUNCTION = YES;
				GCC_WARN_UNUSED_VARIABLE = YES;
				IPHONEOS_DEPLOYMENT_TARGET = 13.2;
				MTL_ENABLE_DEBUG_INFO = INCLUDE_SOURCE;
				MTL_FAST_MATH = YES;
				ONLY_ACTIVE_ARCH = YES;
				SDKROOT = iphoneos;
				SWIFT_ACTIVE_COMPILATION_CONDITIONS = DEBUG;
				SWIFT_OPTIMIZATION_LEVEL = "-Onone";
			};
			name = Debug;
		};
		01D449F02424D497001B2F51 /* Release */ = {
			isa = XCBuildConfiguration;
			buildSettings = {
				ALWAYS_SEARCH_USER_PATHS = NO;
				CLANG_ANALYZER_NONNULL = YES;
				CLANG_ANALYZER_NUMBER_OBJECT_CONVERSION = YES_AGGRESSIVE;
				CLANG_CXX_LANGUAGE_STANDARD = "gnu++14";
				CLANG_CXX_LIBRARY = "libc++";
				CLANG_ENABLE_MODULES = YES;
				CLANG_ENABLE_OBJC_ARC = YES;
				CLANG_ENABLE_OBJC_WEAK = YES;
				CLANG_WARN_BLOCK_CAPTURE_AUTORELEASING = YES;
				CLANG_WARN_BOOL_CONVERSION = YES;
				CLANG_WARN_COMMA = YES;
				CLANG_WARN_CONSTANT_CONVERSION = YES;
				CLANG_WARN_DEPRECATED_OBJC_IMPLEMENTATIONS = YES;
				CLANG_WARN_DIRECT_OBJC_ISA_USAGE = YES_ERROR;
				CLANG_WARN_DOCUMENTATION_COMMENTS = YES;
				CLANG_WARN_EMPTY_BODY = YES;
				CLANG_WARN_ENUM_CONVERSION = YES;
				CLANG_WARN_INFINITE_RECURSION = YES;
				CLANG_WARN_INT_CONVERSION = YES;
				CLANG_WARN_NON_LITERAL_NULL_CONVERSION = YES;
				CLANG_WARN_OBJC_IMPLICIT_RETAIN_SELF = YES;
				CLANG_WARN_OBJC_LITERAL_CONVERSION = YES;
				CLANG_WARN_OBJC_ROOT_CLASS = YES_ERROR;
				CLANG_WARN_RANGE_LOOP_ANALYSIS = YES;
				CLANG_WARN_STRICT_PROTOTYPES = YES;
				CLANG_WARN_SUSPICIOUS_MOVE = YES;
				CLANG_WARN_UNGUARDED_AVAILABILITY = YES_AGGRESSIVE;
				CLANG_WARN_UNREACHABLE_CODE = YES;
				CLANG_WARN__DUPLICATE_METHOD_MATCH = YES;
				COPY_PHASE_STRIP = NO;
				DEBUG_INFORMATION_FORMAT = "dwarf-with-dsym";
				ENABLE_NS_ASSERTIONS = NO;
				ENABLE_STRICT_OBJC_MSGSEND = YES;
				GCC_C_LANGUAGE_STANDARD = gnu11;
				GCC_NO_COMMON_BLOCKS = YES;
				GCC_WARN_64_TO_32_BIT_CONVERSION = YES;
				GCC_WARN_ABOUT_RETURN_TYPE = YES_ERROR;
				GCC_WARN_UNDECLARED_SELECTOR = YES;
				GCC_WARN_UNINITIALIZED_AUTOS = YES_AGGRESSIVE;
				GCC_WARN_UNUSED_FUNCTION = YES;
				GCC_WARN_UNUSED_VARIABLE = YES;
				IPHONEOS_DEPLOYMENT_TARGET = 13.2;
				MTL_ENABLE_DEBUG_INFO = NO;
				MTL_FAST_MATH = YES;
				SDKROOT = iphoneos;
				SWIFT_COMPILATION_MODE = wholemodule;
				SWIFT_OPTIMIZATION_LEVEL = "-O";
				VALIDATE_PRODUCT = YES;
			};
			name = Release;
		};
		01D449F22424D497001B2F51 /* Debug */ = {
			isa = XCBuildConfiguration;
			buildSettings = {
				ASSETCATALOG_COMPILER_APPICON_NAME = AppIcon;
				CODE_SIGN_STYLE = Automatic;
				CURRENT_PROJECT_VERSION = 3;
				DEVELOPMENT_TEAM = 8LV7GKAH5P;
				INFOPLIST_FILE = "Peer2Peer Tris/Info.plist";
				LD_RUNPATH_SEARCH_PATHS = (
					"$(inherited)",
					"@executable_path/Frameworks",
				);
				MARKETING_VERSION = 1.0;
				PRODUCT_BUNDLE_IDENTIFIER = com.gmail.marioarmini.peer2peertris;
				PRODUCT_NAME = "$(TARGET_NAME)";
				SWIFT_VERSION = 5.0;
				TARGETED_DEVICE_FAMILY = 1;
			};
			name = Debug;
		};
		01D449F32424D497001B2F51 /* Release */ = {
			isa = XCBuildConfiguration;
			buildSettings = {
				ASSETCATALOG_COMPILER_APPICON_NAME = AppIcon;
				CODE_SIGN_STYLE = Automatic;
				CURRENT_PROJECT_VERSION = 3;
				DEVELOPMENT_TEAM = 8LV7GKAH5P;
				INFOPLIST_FILE = "Peer2Peer Tris/Info.plist";
				LD_RUNPATH_SEARCH_PATHS = (
					"$(inherited)",
					"@executable_path/Frameworks",
				);
				MARKETING_VERSION = 1.0;
				PRODUCT_BUNDLE_IDENTIFIER = com.gmail.marioarmini.peer2peertris;
				PRODUCT_NAME = "$(TARGET_NAME)";
				SWIFT_VERSION = 5.0;
				TARGETED_DEVICE_FAMILY = 1;
			};
			name = Release;
		};
/* End XCBuildConfiguration section */

/* Begin XCConfigurationList section */
		01D449D82424D496001B2F51 /* Build configuration list for PBXProject "Peer2Peer Tris" */ = {
			isa = XCConfigurationList;
			buildConfigurations = (
				01D449EF2424D497001B2F51 /* Debug */,
				01D449F02424D497001B2F51 /* Release */,
			);
			defaultConfigurationIsVisible = 0;
			defaultConfigurationName = Release;
		};
		01D449F12424D497001B2F51 /* Build configuration list for PBXNativeTarget "Peer2Peer Tris" */ = {
			isa = XCConfigurationList;
			buildConfigurations = (
				01D449F22424D497001B2F51 /* Debug */,
				01D449F32424D497001B2F51 /* Release */,
			);
			defaultConfigurationIsVisible = 0;
			defaultConfigurationName = Release;
		};
/* End XCConfigurationList section */
	};
	rootObject = 01D449D52424D496001B2F51 /* Project object */;
}
